{
  "name": "jurassic-park",
  "version": "1.0.0",
  "lockfileVersion": 3,
  "requires": true,
  "packages": {
    "": {
      "name": "jurassic-park",
      "version": "1.0.0",
      "license": "ISC",
      "dependencies": {
        "95css": "github:YoshiMannaert/95CSS"
      }
    },
    "node_modules/95css": {
      "version": "0.4.2",
      "resolved": "git+ssh://git@github.com/YoshiMannaert/95CSS.git#baa76e053b8fd37895ba66714e1fb9effd55bd8a",
      "license": "MIT"
    }
  }
}
